
Microsoft Visual Studio Solution File, Format Version 12.00
# Visual Studio 15
VisualStudioVersion = 15.0.28307.168
MinimumVisualStudioVersion = 10.0.40219.1
Project("{9A19103F-16F7-4668-BE54-9A1E7A4F7556}") = "SearchTestSuite", "SearchTestSuite\SearchTestSuite.csproj", "{A0750258-8F1B-43F8-A6AE-52B1ABC8EE23}"
EndProject
Global
	GlobalSection(SolutionConfigurationPlatforms) = preSolution
		Debug|Any CPU = Debug|Any CPU
		Release|Any CPU = Release|Any CPU
	EndGlobalSection
	GlobalSection(ProjectConfigurationPlatforms) = postSolution
		{A0750258-8F1B-43F8-A6AE-52B1ABC8EE23}.Debug|Any CPU.ActiveCfg = Debug|Any CPU
		{A0750258-8F1B-43F8-A6AE-52B1ABC8EE23}.Debug|Any CPU.Build.0 = Debug|Any CPU
		{A0750258-8F1B-43F8-A6AE-52B1ABC8EE23}.Release|Any CPU.ActiveCfg = Release|Any CPU
		{A0750258-8F1B-43F8-A6AE-52B1ABC8EE23}.Release|Any CPU.Build.0 = Release|Any CPU
	EndGlobalSection
	GlobalSection(SolutionProperties) = preSolution
		HideSolutionNode = FALSE
	EndGlobalSection
	GlobalSection(ExtensibilityGlobals) = postSolution
		SolutionGuid = {D4FC4522-A6E7-4CB8-B051-15A73D2CFE36}
	EndGlobalSection
EndGlobal
